<?xml version="1.0" encoding="utf-8"?>
<Project ToolsVersion="4.0" xmlns="http://schemas.microsoft.com/developer/msbuild/2003">
  <ItemGroup>
    <Filter Include="源文件">
      <UniqueIdentifier>{4FC737F1-C7A5-4376-A066-2A32D752A2FF}</UniqueIdentifier>
      <Extensions>cpp;c;cc;cxx;def;odl;idl;hpj;bat;asm;asmx</Extensions>
    </Filter>
    <Filter Include="头文件">
      <UniqueIdentifier>{93995380-89BD-4b04-88EB-625FBE52EBFB}</UniqueIdentifier>
      <Extensions>h;hh;hpp;hxx;hm;inl;inc;xsd</Extensions>
    </Filter>
    <Filter Include="资源文件">
      <UniqueIdentifier>{67DA6AB6-F800-4c08-8B7A-83BB121AAD01}</UniqueIdentifier>
      <Extensions>rc;ico;cur;bmp;dlg;rc2;rct;bin;rgs;gif;jpg;jpeg;jpe;resx;tiff;tif;png;wav;mfcribbon-ms</Extensions>
    </Filter>
  </ItemGroup>
  <ItemGroup>
    <Text Include="ReadMe.txt" />
  </ItemGroup>
  <ItemGroup>
    <ClInclude Include="Lasaw.h">
      <Filter>头文件</Filter>
    </ClInclude>
    <ClInclude Include="stdafx.h">
      <Filter>头文件</Filter>
    </ClInclude>
    <ClInclude Include="targetver.h">
      <Filter>头文件</Filter>
    </ClInclude>
    <ClInclude Include="MainFrm.h">
      <Filter>头文件</Filter>
    </ClInclude>
    <ClInclude Include="LasawDoc.h">
      <Filter>头文件</Filter>
    </ClInclude>
    <ClInclude Include="LasawView.h">
      <Filter>头文件</Filter>
    </ClInclude>
    <ClInclude Include="Resource.h">
      <Filter>头文件</Filter>
    </ClInclude>
    <ClInclude Include="LoginDlg.h">
      <Filter>头文件</Filter>
    </ClInclude>
    <ClInclude Include="MachineParam.h">
      <Filter>头文件</Filter>
    </ClInclude>
    <ClInclude Include="GgMotion.h">
      <Filter>头文件</Filter>
    </ClInclude>
    <ClInclude Include="Include\GridCtrl_src\CellRange.h">
      <Filter>头文件</Filter>
    </ClInclude>
    <ClInclude Include="Include\GridCtrl_src\GridCell.h">
      <Filter>头文件</Filter>
    </ClInclude>
    <ClInclude Include="Include\GridCtrl_src\GridCellBase.h">
      <Filter>头文件</Filter>
    </ClInclude>
    <ClInclude Include="Include\GridCtrl_src\GridCtrl.h">
      <Filter>头文件</Filter>
    </ClInclude>
    <ClInclude Include="Include\GridCtrl_src\GridDropTarget.h">
      <Filter>头文件</Filter>
    </ClInclude>
    <ClInclude Include="Include\GridCtrl_src\InPlaceEdit.h">
      <Filter>头文件</Filter>
    </ClInclude>
    <ClInclude Include="Include\GridCtrl_src\MemDC.h">
      <Filter>头文件</Filter>
    </ClInclude>
    <ClInclude Include="Include\GridCtrl_src\TitleTip.h">
      <Filter>头文件</Filter>
    </ClInclude>
    <ClInclude Include="Include\json\json.h">
      <Filter>头文件</Filter>
    </ClInclude>
    <ClInclude Include="Include\json\json-forwards.h">
      <Filter>头文件</Filter>
    </ClInclude>
    <ClInclude Include="Include\NewCellTypes\GridCellCheck.h">
      <Filter>头文件</Filter>
    </ClInclude>
    <ClInclude Include="Include\NewCellTypes\GridCellCombo.h">
      <Filter>头文件</Filter>
    </ClInclude>
    <ClInclude Include="Include\NewCellTypes\GridCellDateTime.h">
      <Filter>头文件</Filter>
    </ClInclude>
    <ClInclude Include="Include\NewCellTypes\GridCellNumeric.h">
      <Filter>头文件</Filter>
    </ClInclude>
    <ClInclude Include="Include\NewCellTypes\GridURLCell.h">
      <Filter>头文件</Filter>
    </ClInclude>
    <ClInclude Include="Include\CommonCamera.h">
      <Filter>头文件</Filter>
    </ClInclude>
    <ClInclude Include="Include\Label.h">
      <Filter>头文件</Filter>
    </ClInclude>
    <ClInclude Include="Include\MiddleSplitter.h">
      <Filter>头文件</Filter>
    </ClInclude>
    <ClInclude Include="Include\nimachinevision.h">
      <Filter>头文件</Filter>
    </ClInclude>
    <ClInclude Include="Include\StopWatch.h">
      <Filter>头文件</Filter>
    </ClInclude>
    <ClInclude Include="NiVisionCtl.h">
      <Filter>头文件</Filter>
    </ClInclude>
    <ClInclude Include="ProjectSettingDlg.h">
      <Filter>头文件</Filter>
    </ClInclude>
    <ClInclude Include="MultiLineHeaderGridCtrl.h">
      <Filter>头文件</Filter>
    </ClInclude>
    <ClInclude Include="MainCtrlDlg.h">
      <Filter>头文件</Filter>
    </ClInclude>
    <ClInclude Include="VisionCtrlView.h">
      <Filter>头文件</Filter>
    </ClInclude>
    <ClInclude Include="ImageView.h">
      <Filter>头文件</Filter>
    </ClInclude>
    <ClInclude Include="MotionDlg.h">
      <Filter>头文件</Filter>
    </ClInclude>
    <ClInclude Include="CalibrationDlg.h">
      <Filter>头文件</Filter>
    </ClInclude>
    <ClInclude Include="MyDialogBar.h">
      <Filter>头文件</Filter>
    </ClInclude>
    <ClInclude Include="HomeProcessDlg.h">
      <Filter>头文件</Filter>
    </ClInclude>
    <ClInclude Include="IOStatusDlg.h">
      <Filter>头文件</Filter>
    </ClInclude>
    <ClInclude Include="OptionsViewDlg.h">
      <Filter>头文件</Filter>
    </ClInclude>
    <ClInclude Include="PaneSettingsDlg.h">
      <Filter>头文件</Filter>
    </ClInclude>
    <ClInclude Include="Include\SerialPort.h">
      <Filter>头文件</Filter>
    </ClInclude>
    <ClInclude Include="LogHelper.h">
      <Filter>头文件</Filter>
    </ClInclude>
    <ClInclude Include="WaiteProcessDlg.h">
      <Filter>头文件</Filter>
    </ClInclude>
    <ClInclude Include="Include\CustomStatusBar.h">
      <Filter>头文件</Filter>
    </ClInclude>
    <ClInclude Include="DxfLocus.h">
      <Filter>头文件</Filter>
    </ClInclude>
    <ClInclude Include="DxfDlg.h">
      <Filter>头文件</Filter>
    </ClInclude>
    <ClInclude Include="MyChain.h">
      <Filter>头文件</Filter>
    </ClInclude>
  </ItemGroup>
  <ItemGroup>
    <ClCompile Include="Lasaw.cpp">
      <Filter>源文件</Filter>
    </ClCompile>
    <ClCompile Include="stdafx.cpp">
      <Filter>源文件</Filter>
    </ClCompile>
    <ClCompile Include="MainFrm.cpp">
      <Filter>源文件</Filter>
    </ClCompile>
    <ClCompile Include="LasawDoc.cpp">
      <Filter>源文件</Filter>
    </ClCompile>
    <ClCompile Include="LasawView.cpp">
      <Filter>源文件</Filter>
    </ClCompile>
    <ClCompile Include="NiVisionCtl.cpp">
      <Filter>源文件</Filter>
    </ClCompile>
    <ClCompile Include="GgMotion.cpp">
      <Filter>源文件</Filter>
    </ClCompile>
    <ClCompile Include="MachineParam.cpp">
      <Filter>源文件</Filter>
    </ClCompile>
    <ClCompile Include="Include\GridCtrl_src\GridCell.cpp">
      <Filter>源文件</Filter>
    </ClCompile>
    <ClCompile Include="Include\GridCtrl_src\GridCellBase.cpp">
      <Filter>源文件</Filter>
    </ClCompile>
    <ClCompile Include="Include\GridCtrl_src\GridCtrl.cpp">
      <Filter>源文件</Filter>
    </ClCompile>
    <ClCompile Include="Include\GridCtrl_src\GridDropTarget.cpp">
      <Filter>源文件</Filter>
    </ClCompile>
    <ClCompile Include="Include\GridCtrl_src\InPlaceEdit.cpp">
      <Filter>源文件</Filter>
    </ClCompile>
    <ClCompile Include="Include\GridCtrl_src\TitleTip.cpp">
      <Filter>源文件</Filter>
    </ClCompile>
    <ClCompile Include="Include\NewCellTypes\GridCellCheck.cpp">
      <Filter>源文件</Filter>
    </ClCompile>
    <ClCompile Include="Include\NewCellTypes\GridCellCombo.cpp">
      <Filter>源文件</Filter>
    </ClCompile>
    <ClCompile Include="Include\NewCellTypes\GridCellDateTime.cpp">
      <Filter>源文件</Filter>
    </ClCompile>
    <ClCompile Include="Include\NewCellTypes\GridCellNumeric.cpp">
      <Filter>源文件</Filter>
    </ClCompile>
    <ClCompile Include="Include\NewCellTypes\GridURLCell.cpp">
      <Filter>源文件</Filter>
    </ClCompile>
    <ClCompile Include="Include\CommonCamera.cpp">
      <Filter>源文件</Filter>
    </ClCompile>
    <ClCompile Include="Include\jsoncpp.cpp">
      <Filter>源文件</Filter>
    </ClCompile>
    <ClCompile Include="Include\Label.cpp">
      <Filter>源文件</Filter>
    </ClCompile>
    <ClCompile Include="Include\MiddleSplitter.cpp">
      <Filter>源文件</Filter>
    </ClCompile>
    <ClCompile Include="Include\NIMachineVision.c">
      <Filter>源文件</Filter>
    </ClCompile>
    <ClCompile Include="Include\StopWatch.cpp">
      <Filter>源文件</Filter>
    </ClCompile>
    <ClCompile Include="LoginDlg.cpp">
      <Filter>源文件</Filter>
    </ClCompile>
    <ClCompile Include="ErrorInfoDlg.cpp">
      <Filter>源文件</Filter>
    </ClCompile>
    <ClCompile Include="ProjectSettingDlg.cpp">
      <Filter>源文件</Filter>
    </ClCompile>
    <ClCompile Include="MultiLineHeaderGridCtrl.cpp">
      <Filter>源文件</Filter>
    </ClCompile>
    <ClCompile Include="MainCtrlDlg.cpp">
      <Filter>源文件</Filter>
    </ClCompile>
    <ClCompile Include="VisionCtrlView.cpp">
      <Filter>源文件</Filter>
    </ClCompile>
    <ClCompile Include="ImageView.cpp">
      <Filter>源文件</Filter>
    </ClCompile>
    <ClCompile Include="MotionDlg.cpp">
      <Filter>源文件</Filter>
    </ClCompile>
    <ClCompile Include="CalibrationDlg.cpp">
      <Filter>源文件</Filter>
    </ClCompile>
    <ClCompile Include="MyDialogBar.cpp">
      <Filter>源文件</Filter>
    </ClCompile>
    <ClCompile Include="HomeProcessDlg.cpp">
      <Filter>源文件</Filter>
    </ClCompile>
    <ClCompile Include="IOStatusDlg.cpp">
      <Filter>源文件</Filter>
    </ClCompile>
    <ClCompile Include="OptionsViewDlg.cpp">
      <Filter>源文件</Filter>
    </ClCompile>
    <ClCompile Include="PaneSettingsDlg.cpp">
      <Filter>源文件</Filter>
    </ClCompile>
    <ClCompile Include="Include\SerialPort.cpp">
      <Filter>源文件</Filter>
    </ClCompile>
    <ClCompile Include="LogHelper.cpp">
      <Filter>源文件</Filter>
    </ClCompile>
    <ClCompile Include="WaiteProcessDlg.cpp">
      <Filter>源文件</Filter>
    </ClCompile>
    <ClCompile Include="Include\CustomStatusBar.cpp">
      <Filter>源文件</Filter>
    </ClCompile>
    <ClCompile Include="DxfLocus.cpp">
      <Filter>源文件</Filter>
    </ClCompile>
    <ClCompile Include="DxfDlg.cpp">
      <Filter>源文件</Filter>
    </ClCompile>
    <ClCompile Include="MyChain.cpp">
      <Filter>源文件</Filter>
    </ClCompile>
  </ItemGroup>
  <ItemGroup>
    <ResourceCompile Include="Lasaw.rc">
      <Filter>资源文件</Filter>
    </ResourceCompile>
  </ItemGroup>
  <ItemGroup>
    <None Include="res\Lasaw.rc2">
      <Filter>资源文件</Filter>
    </None>
    <None Include="resource.hm">
      <Filter>头文件</Filter>
    </None>
  </ItemGroup>
  <ItemGroup>
    <Image Include="res\LasawDoc.ico">
      <Filter>资源文件</Filter>
    </Image>
    <Image Include="res\Lasaw.ico">
      <Filter>资源文件</Filter>
    </Image>
    <Image Include="res\Toolbar.bmp">
      <Filter>资源文件</Filter>
    </Image>
    <Image Include="res\ledHigh.bmp">
      <Filter>资源文件</Filter>
    </Image>
    <Image Include="res\ledLow.bmp">
      <Filter>资源文件</Filter>
    </Image>
    <Image Include="res\icon1.ico">
      <Filter>资源文件</Filter>
    </Image>
    <Image Include="res\icon_coordinary.ico">
      <Filter>资源文件</Filter>
    </Image>
    <Image Include="res\bitmap1.bmp">
      <Filter>资源文件</Filter>
    </Image>
    <Image Include="res\coord1.bmp">
      <Filter>资源文件</Filter>
    </Image>
    <Image Include="res\bmp00001.bmp">
      <Filter>资源文件</Filter>
    </Image>
    <Image Include="res\zoomin.png">
      <Filter>资源文件</Filter>
    </Image>
    <Image Include="res\zoom.ico">
      <Filter>资源文件</Filter>
    </Image>
    <Image Include="res\pan.ico">
      <Filter>资源文件</Filter>
    </Image>
  </ItemGroup>
</Project>